{
  "name": "type-bank",
  "version": "1.0.0",
  "lockfileVersion": 2,
  "requires": true,
  "packages": {
    "": {
      "name": "type-bank",
      "version": "1.0.0",
      "license": "ISC",
      "dependencies": {
        "typescript": "3.2"
      }
    },
    "node_modules/typescript": {
      "version": "3.2.4",
      "resolved": "https://registry.npmjs.org/typescript/-/typescript-3.2.4.tgz",
      "integrity": "sha512-0RNDbSdEokBeEAkgNbxJ+BLwSManFy9TeXz8uW+48j/xhEXv1ePME60olyzw2XzUqUBNAYFeJadIqAgNqIACwg==",
      "bin": {
        "tsc": "bin/tsc",
        "tsserver": "bin/tsserver"
      },
      "engines": {
        "node": ">=4.2.0"
      }
    }
  },
  "dependencies": {
    "typescript": {
      "version": "3.2.4",
      "resolved": "https://registry.npmjs.org/typescript/-/typescript-3.2.4.tgz",
      "integrity": "sha512-0RNDbSdEokBeEAkgNbxJ+BLwSManFy9TeXz8uW+48j/xhEXv1ePME60olyzw2XzUqUBNAYFeJadIqAgNqIACwg=="
    }
  }
}
